
Microsoft Visual Studio Solution File, Format Version 12.00
# Visual Studio Version 16
VisualStudioVersion = 16.0.31605.320
MinimumVisualStudioVersion = 10.0.40219.1
Project("{FAE04EC0-301F-11D3-BF4B-00C04F79EFBC}") = "TES_MEDICAL.BUS", "TES_MEDICAL.BUS\TES_MEDICAL.BUS.csproj", "{54F70CD5-0F4D-487F-8F4A-C667EA182296}"
EndProject
Project("{FAE04EC0-301F-11D3-BF4B-00C04F79EFBC}") = "TES_MEDICAL.Entities", "TES_MEDICAL.Entities\TES_MEDICAL.Entities.csproj", "{D7A1B8EC-A8E3-495C-9C8E-FB3D32C7E442}"
EndProject
Project("{FAE04EC0-301F-11D3-BF4B-00C04F79EFBC}") = "TES_MEDICAL.DAL", "TES_MEDICAL.DAL\TES_MEDICAL.DAL.csproj", "{75BCC2EC-AAAA-407D-A861-C940E9FE23BD}"
EndProject
Project("{FAE04EC0-301F-11D3-BF4B-00C04F79EFBC}") = "TES_MEDICAL.GUI", "TES_MEDICAL.GUI\TES_MEDICAL.GUI.csproj", "{D0CA1467-C99B-4BEA-9260-B1BF50F7FA84}"
EndProject
Global
	GlobalSection(SolutionConfigurationPlatforms) = preSolution
		Debug|Any CPU = Debug|Any CPU
		Release|Any CPU = Release|Any CPU
	EndGlobalSection
	GlobalSection(ProjectConfigurationPlatforms) = postSolution
		{54F70CD5-0F4D-487F-8F4A-C667EA182296}.Debug|Any CPU.ActiveCfg = Debug|Any CPU
		{54F70CD5-0F4D-487F-8F4A-C667EA182296}.Debug|Any CPU.Build.0 = Debug|Any CPU
		{54F70CD5-0F4D-487F-8F4A-C667EA182296}.Release|Any CPU.ActiveCfg = Release|Any CPU
		{54F70CD5-0F4D-487F-8F4A-C667EA182296}.Release|Any CPU.Build.0 = Release|Any CPU
		{D7A1B8EC-A8E3-495C-9C8E-FB3D32C7E442}.Debug|Any CPU.ActiveCfg = Debug|Any CPU
		{D7A1B8EC-A8E3-495C-9C8E-FB3D32C7E442}.Debug|Any CPU.Build.0 = Debug|Any CPU
		{D7A1B8EC-A8E3-495C-9C8E-FB3D32C7E442}.Release|Any CPU.ActiveCfg = Release|Any CPU
		{D7A1B8EC-A8E3-495C-9C8E-FB3D32C7E442}.Release|Any CPU.Build.0 = Release|Any CPU
		{75BCC2EC-AAAA-407D-A861-C940E9FE23BD}.Debug|Any CPU.ActiveCfg = Debug|Any CPU
		{75BCC2EC-AAAA-407D-A861-C940E9FE23BD}.Debug|Any CPU.Build.0 = Debug|Any CPU
		{75BCC2EC-AAAA-407D-A861-C940E9FE23BD}.Release|Any CPU.ActiveCfg = Release|Any CPU
		{75BCC2EC-AAAA-407D-A861-C940E9FE23BD}.Release|Any CPU.Build.0 = Release|Any CPU
		{D0CA1467-C99B-4BEA-9260-B1BF50F7FA84}.Debug|Any CPU.ActiveCfg = Debug|Any CPU
		{D0CA1467-C99B-4BEA-9260-B1BF50F7FA84}.Debug|Any CPU.Build.0 = Debug|Any CPU
		{D0CA1467-C99B-4BEA-9260-B1BF50F7FA84}.Release|Any CPU.ActiveCfg = Release|Any CPU
		{D0CA1467-C99B-4BEA-9260-B1BF50F7FA84}.Release|Any CPU.Build.0 = Release|Any CPU
	EndGlobalSection
	GlobalSection(SolutionProperties) = preSolution
		HideSolutionNode = FALSE
	EndGlobalSection
	GlobalSection(ExtensibilityGlobals) = postSolution
		SolutionGuid = {DE986D5B-2253-4A92-A875-8AE11C16C982}
	EndGlobalSection
EndGlobal
